
Microsoft Visual Studio Solution File, Format Version 12.00
# Visual Studio 15
VisualStudioVersion = 15.0.26124.0
MinimumVisualStudioVersion = 15.0.26124.0
Project("{2150E333-8FDC-42A3-9474-1A3956D46DE8}") = "src", "src", "{454CDF0D-3DE0-47F5-9E3D-0FEF103A8802}"
EndProject
Project("{FAE04EC0-301F-11D3-BF4B-00C04F79EFBC}") = "PalTracker", "src\PalTracker\PalTracker.csproj", "{8EF82DEC-B0B2-49B6-A281-F423B87D24D0}"
EndProject
Project("{2150E333-8FDC-42A3-9474-1A3956D46DE8}") = "test", "test", "{9594F47B-1FBB-4CC5-850D-E77919DEED10}"
EndProject
Project("{FAE04EC0-301F-11D3-BF4B-00C04F79EFBC}") = "PalTrackerTests", "test\PalTrackerTests\PalTrackerTests.csproj", "{A752D1DD-12FB-4151-B1A6-093978EC991E}"
EndProject
Global
	GlobalSection(SolutionConfigurationPlatforms) = preSolution
		Debug|Any CPU = Debug|Any CPU
		Debug|x64 = Debug|x64
		Debug|x86 = Debug|x86
		Release|Any CPU = Release|Any CPU
		Release|x64 = Release|x64
		Release|x86 = Release|x86
	EndGlobalSection
	GlobalSection(SolutionProperties) = preSolution
		HideSolutionNode = FALSE
	EndGlobalSection
	GlobalSection(ProjectConfigurationPlatforms) = postSolution
		{8EF82DEC-B0B2-49B6-A281-F423B87D24D0}.Debug|Any CPU.ActiveCfg = Debug|Any CPU
		{8EF82DEC-B0B2-49B6-A281-F423B87D24D0}.Debug|Any CPU.Build.0 = Debug|Any CPU
		{8EF82DEC-B0B2-49B6-A281-F423B87D24D0}.Debug|x64.ActiveCfg = Debug|Any CPU
		{8EF82DEC-B0B2-49B6-A281-F423B87D24D0}.Debug|x64.Build.0 = Debug|Any CPU
		{8EF82DEC-B0B2-49B6-A281-F423B87D24D0}.Debug|x86.ActiveCfg = Debug|Any CPU
		{8EF82DEC-B0B2-49B6-A281-F423B87D24D0}.Debug|x86.Build.0 = Debug|Any CPU
		{8EF82DEC-B0B2-49B6-A281-F423B87D24D0}.Release|Any CPU.ActiveCfg = Release|Any CPU
		{8EF82DEC-B0B2-49B6-A281-F423B87D24D0}.Release|Any CPU.Build.0 = Release|Any CPU
		{8EF82DEC-B0B2-49B6-A281-F423B87D24D0}.Release|x64.ActiveCfg = Release|Any CPU
		{8EF82DEC-B0B2-49B6-A281-F423B87D24D0}.Release|x64.Build.0 = Release|Any CPU
		{8EF82DEC-B0B2-49B6-A281-F423B87D24D0}.Release|x86.ActiveCfg = Release|Any CPU
		{8EF82DEC-B0B2-49B6-A281-F423B87D24D0}.Release|x86.Build.0 = Release|Any CPU
		{A752D1DD-12FB-4151-B1A6-093978EC991E}.Debug|Any CPU.ActiveCfg = Debug|Any CPU
		{A752D1DD-12FB-4151-B1A6-093978EC991E}.Debug|Any CPU.Build.0 = Debug|Any CPU
		{A752D1DD-12FB-4151-B1A6-093978EC991E}.Debug|x64.ActiveCfg = Debug|Any CPU
		{A752D1DD-12FB-4151-B1A6-093978EC991E}.Debug|x64.Build.0 = Debug|Any CPU
		{A752D1DD-12FB-4151-B1A6-093978EC991E}.Debug|x86.ActiveCfg = Debug|Any CPU
		{A752D1DD-12FB-4151-B1A6-093978EC991E}.Debug|x86.Build.0 = Debug|Any CPU
		{A752D1DD-12FB-4151-B1A6-093978EC991E}.Release|Any CPU.ActiveCfg = Release|Any CPU
		{A752D1DD-12FB-4151-B1A6-093978EC991E}.Release|Any CPU.Build.0 = Release|Any CPU
		{A752D1DD-12FB-4151-B1A6-093978EC991E}.Release|x64.ActiveCfg = Release|Any CPU
		{A752D1DD-12FB-4151-B1A6-093978EC991E}.Release|x64.Build.0 = Release|Any CPU
		{A752D1DD-12FB-4151-B1A6-093978EC991E}.Release|x86.ActiveCfg = Release|Any CPU
		{A752D1DD-12FB-4151-B1A6-093978EC991E}.Release|x86.Build.0 = Release|Any CPU
	EndGlobalSection
	GlobalSection(NestedProjects) = preSolution
		{8EF82DEC-B0B2-49B6-A281-F423B87D24D0} = {454CDF0D-3DE0-47F5-9E3D-0FEF103A8802}
		{A752D1DD-12FB-4151-B1A6-093978EC991E} = {9594F47B-1FBB-4CC5-850D-E77919DEED10}
	EndGlobalSection
EndGlobal
